
Microsoft Visual Studio Solution File, Format Version 12.00
# Visual Studio Version 17
VisualStudioVersion = 17.7.34024.191
MinimumVisualStudioVersion = 10.0.40219.1
Project("{FAE04EC0-301F-11D3-BF4B-00C04F79EFBC}") = "Metadata.Core", "Metadata.Core\Metadata.Core.csproj", "{49C15C47-72CD-4D43-8075-B5CA8A7869DA}"
EndProject
Project("{FAE04EC0-301F-11D3-BF4B-00C04F79EFBC}") = "Metadata.UI", "Metadata.UI\Metadata.UI.csproj", "{5B362932-3C57-4D3D-B6FC-AF2DD6100551}"
EndProject
Global
	GlobalSection(SolutionConfigurationPlatforms) = preSolution
		Debug|Any CPU = Debug|Any CPU
		Release|Any CPU = Release|Any CPU
	EndGlobalSection
	GlobalSection(ProjectConfigurationPlatforms) = postSolution
		{49C15C47-72CD-4D43-8075-B5CA8A7869DA}.Debug|Any CPU.ActiveCfg = Debug|Any CPU
		{49C15C47-72CD-4D43-8075-B5CA8A7869DA}.Debug|Any CPU.Build.0 = Debug|Any CPU
		{49C15C47-72CD-4D43-8075-B5CA8A7869DA}.Release|Any CPU.ActiveCfg = Release|Any CPU
		{49C15C47-72CD-4D43-8075-B5CA8A7869DA}.Release|Any CPU.Build.0 = Release|Any CPU
		{5B362932-3C57-4D3D-B6FC-AF2DD6100551}.Debug|Any CPU.ActiveCfg = Debug|Any CPU
		{5B362932-3C57-4D3D-B6FC-AF2DD6100551}.Debug|Any CPU.Build.0 = Debug|Any CPU
		{5B362932-3C57-4D3D-B6FC-AF2DD6100551}.Release|Any CPU.ActiveCfg = Release|Any CPU
		{5B362932-3C57-4D3D-B6FC-AF2DD6100551}.Release|Any CPU.Build.0 = Release|Any CPU
	EndGlobalSection
	GlobalSection(SolutionProperties) = preSolution
		HideSolutionNode = FALSE
	EndGlobalSection
	GlobalSection(ExtensibilityGlobals) = postSolution
		SolutionGuid = {6DA0F0EA-3122-4354-B8A9-06E50709514A}
	EndGlobalSection
EndGlobal
